// !$*UTF8*$!
{
	archiveVersion = 1;
	classes = {
	};
	objectVersion = 50;
	objects = {

/* Begin PBXBuildFile section */
		512F1B902453A59900D37F3A /* AppDelegate.swift in Sources */ = {isa = PBXBuildFile; fileRef = 512F1B8F2453A59900D37F3A /* AppDelegate.swift */; };
		512F1B922453A59900D37F3A /* SceneDelegate.swift in Sources */ = {isa = PBXBuildFile; fileRef = 512F1B912453A59900D37F3A /* SceneDelegate.swift */; };
		512F1B942453A59900D37F3A /* ViewController.swift in Sources */ = {isa = PBXBuildFile; fileRef = 512F1B932453A59900D37F3A /* ViewController.swift */; };
		512F1B972453A59900D37F3A /* Main.storyboard in Resources */ = {isa = PBXBuildFile; fileRef = 512F1B952453A59900D37F3A /* Main.storyboard */; };
		512F1B992453A59E00D37F3A /* Assets.xcassets in Resources */ = {isa = PBXBuildFile; fileRef = 512F1B982453A59E00D37F3A /* Assets.xcassets */; };
		512F1B9C2453A59E00D37F3A /* LaunchScreen.storyboard in Resources */ = {isa = PBXBuildFile; fileRef = 512F1B9A2453A59E00D37F3A /* LaunchScreen.storyboard */; };
		512F1BA72453A59E00D37F3A /* WeatherTests.swift in Sources */ = {isa = PBXBuildFile; fileRef = 512F1BA62453A59E00D37F3A /* WeatherTests.swift */; };
		512F1BB22453A59E00D37F3A /* WeatherUITests.swift in Sources */ = {isa = PBXBuildFile; fileRef = 512F1BB12453A59E00D37F3A /* WeatherUITests.swift */; };
		51E0CA692458AC480039452D /* WeatherManager.swift in Sources */ = {isa = PBXBuildFile; fileRef = 51E0CA682458AC480039452D /* WeatherManager.swift */; };
		51E0CA6B245B5CEE0039452D /* WeatherData.swift in Sources */ = {isa = PBXBuildFile; fileRef = 51E0CA6A245B5CED0039452D /* WeatherData.swift */; };
/* End PBXBuildFile section */

/* Begin PBXContainerItemProxy section */
		512F1BA32453A59E00D37F3A /* PBXContainerItemProxy */ = {
			isa = PBXContainerItemProxy;
			containerPortal = 512F1B842453A59900D37F3A /* Project object */;
			proxyType = 1;
			remoteGlobalIDString = 512F1B8B2453A59900D37F3A;
			remoteInfo = Weather;
		};
		512F1BAE2453A59E00D37F3A /* PBXContainerItemProxy */ = {
			isa = PBXContainerItemProxy;
			containerPortal = 512F1B842453A59900D37F3A /* Project object */;
			proxyType = 1;
			remoteGlobalIDString = 512F1B8B2453A59900D37F3A;
			remoteInfo = Weather;
		};
/* End PBXContainerItemProxy section */

/* Begin PBXFileReference section */
		512F1B8C2453A59900D37F3A /* Weather.app */ = {isa = PBXFileReference; explicitFileType = wrapper.application; includeInIndex = 0; path = Weather.app; sourceTree = BUILT_PRODUCTS_DIR; };
		512F1B8F2453A59900D37F3A /* AppDelegate.swift */ = {isa = PBXFileReference; lastKnownFileType = sourcecode.swift; path = AppDelegate.swift; sourceTree = "<group>"; };
		512F1B912453A59900D37F3A /* SceneDelegate.swift */ = {isa = PBXFileReference; lastKnownFileType = sourcecode.swift; path = SceneDelegate.swift; sourceTree = "<group>"; };
		512F1B932453A59900D37F3A /* ViewController.swift */ = {isa = PBXFileReference; lastKnownFileType = sourcecode.swift; path = ViewController.swift; sourceTree = "<group>"; };
		512F1B962453A59900D37F3A /* Base */ = {isa = PBXFileReference; lastKnownFileType = file.storyboard; name = Base; path = Base.lproj/Main.storyboard; sourceTree = "<group>"; };
		512F1B982453A59E00D37F3A /* Assets.xcassets */ = {isa = PBXFileReference; lastKnownFileType = folder.assetcatalog; path = Assets.xcassets; sourceTree = "<group>"; };
		512F1B9B2453A59E00D37F3A /* Base */ = {isa = PBXFileReference; lastKnownFileType = file.storyboard; name = Base; path = Base.lproj/LaunchScreen.storyboard; sourceTree = "<group>"; };
		512F1B9D2453A59E00D37F3A /* Info.plist */ = {isa = PBXFileReference; lastKnownFileType = text.plist.xml; path = Info.plist; sourceTree = "<group>"; };
		512F1BA22453A59E00D37F3A /* WeatherTests.xctest */ = {isa = PBXFileReference; explicitFileType = wrapper.cfbundle; includeInIndex = 0; path = WeatherTests.xctest; sourceTree = BUILT_PRODUCTS_DIR; };
		512F1BA62453A59E00D37F3A /* WeatherTests.swift */ = {isa = PBXFileReference; lastKnownFileType = sourcecode.swift; path = WeatherTests.swift; sourceTree = "<group>"; };
		512F1BA82453A59E00D37F3A /* Info.plist */ = {isa = PBXFileReference; lastKnownFileType = text.plist.xml; path = Info.plist; sourceTree = "<group>"; };
		512F1BAD2453A59E00D37F3A /* WeatherUITests.xctest */ = {isa = PBXFileReference; explicitFileType = wrapper.cfbundle; includeInIndex = 0; path = WeatherUITests.xctest; sourceTree = BUILT_PRODUCTS_DIR; };
		512F1BB12453A59E00D37F3A /* WeatherUITests.swift */ = {isa = PBXFileReference; lastKnownFileType = sourcecode.swift; path = WeatherUITests.swift; sourceTree = "<group>"; };
		512F1BB32453A59E00D37F3A /* Info.plist */ = {isa = PBXFileReference; lastKnownFileType = text.plist.xml; path = Info.plist; sourceTree = "<group>"; };
		51E0CA682458AC480039452D /* WeatherManager.swift */ = {isa = PBXFileReference; lastKnownFileType = sourcecode.swift; path = WeatherManager.swift; sourceTree = "<group>"; };
		51E0CA6A245B5CED0039452D /* WeatherData.swift */ = {isa = PBXFileReference; lastKnownFileType = sourcecode.swift; path = WeatherData.swift; sourceTree = "<group>"; };
/* End PBXFileReference section */

/* Begin PBXFrameworksBuildPhase section */
		512F1B892453A59900D37F3A /* Frameworks */ = {
			isa = PBXFrameworksBuildPhase;
			buildActionMask = 2147483647;
			files = (
			);
			runOnlyForDeploymentPostprocessing = 0;
		};
		512F1B9F2453A59E00D37F3A /* Frameworks */ = {
			isa = PBXFrameworksBuildPhase;
			buildActionMask = 2147483647;
			files = (
			);
			runOnlyForDeploymentPostprocessing = 0;
		};
		512F1BAA2453A59E00D37F3A /* Frameworks */ = {
			isa = PBXFrameworksBuildPhase;
			buildActionMask = 2147483647;
			files = (
			);
			runOnlyForDeploymentPostprocessing = 0;
		};
/* End PBXFrameworksBuildPhase section */

/* Begin PBXGroup section */
		512F1B832453A59900D37F3A = {
			isa = PBXGroup;
			children = (
				512F1B8E2453A59900D37F3A /* Weather */,
				512F1BA52453A59E00D37F3A /* WeatherTests */,
				512F1BB02453A59E00D37F3A /* WeatherUITests */,
				512F1B8D2453A59900D37F3A /* Products */,
			);
			sourceTree = "<group>";
		};
		512F1B8D2453A59900D37F3A /* Products */ = {
			isa = PBXGroup;
			children = (
				512F1B8C2453A59900D37F3A /* Weather.app */,
				512F1BA22453A59E00D37F3A /* WeatherTests.xctest */,
				512F1BAD2453A59E00D37F3A /* WeatherUITests.xctest */,
			);
			name = Products;
			sourceTree = "<group>";
		};
		512F1B8E2453A59900D37F3A /* Weather */ = {
			isa = PBXGroup;
			children = (
				512F1B8F2453A59900D37F3A /* AppDelegate.swift */,
				512F1B912453A59900D37F3A /* SceneDelegate.swift */,
				512F1BC02453A66500D37F3A /* Model */,
				512F1BBF2453A66200D37F3A /* View */,
				512F1BC12453A67100D37F3A /* Controller */,
				512F1B982453A59E00D37F3A /* Assets.xcassets */,
				512F1B9A2453A59E00D37F3A /* LaunchScreen.storyboard */,
				512F1B9D2453A59E00D37F3A /* Info.plist */,
			);
			path = Weather;
			sourceTree = "<group>";
		};
		512F1BA52453A59E00D37F3A /* WeatherTests */ = {
			isa = PBXGroup;
			children = (
				512F1BA62453A59E00D37F3A /* WeatherTests.swift */,
				512F1BA82453A59E00D37F3A /* Info.plist */,
			);
			path = WeatherTests;
			sourceTree = "<group>";
		};
		512F1BB02453A59E00D37F3A /* WeatherUITests */ = {
			isa = PBXGroup;
			children = (
				512F1BB12453A59E00D37F3A /* WeatherUITests.swift */,
				512F1BB32453A59E00D37F3A /* Info.plist */,
			);
			path = WeatherUITests;
			sourceTree = "<group>";
		};
		512F1BBF2453A66200D37F3A /* View */ = {
			isa = PBXGroup;
			children = (
				512F1B952453A59900D37F3A /* Main.storyboard */,
			);
			path = View;
			sourceTree = "<group>";
		};
		512F1BC02453A66500D37F3A /* Model */ = {
			isa = PBXGroup;
			children = (
				51E0CA682458AC480039452D /* WeatherManager.swift */,
				51E0CA6A245B5CED0039452D /* WeatherData.swift */,
			);
			path = Model;
			sourceTree = "<group>";
		};
		512F1BC12453A67100D37F3A /* Controller */ = {
			isa = PBXGroup;
			children = (
				512F1B932453A59900D37F3A /* ViewController.swift */,
			);
			path = Controller;
			sourceTree = "<group>";
		};
/* End PBXGroup section */

/* Begin PBXNativeTarget section */
		512F1B8B2453A59900D37F3A /* Weather */ = {
			isa = PBXNativeTarget;
			buildConfigurationList = 512F1BB62453A59E00D37F3A /* Build configuration list for PBXNativeTarget "Weather" */;
			buildPhases = (
				512F1B882453A59900D37F3A /* Sources */,
				512F1B892453A59900D37F3A /* Frameworks */,
				512F1B8A2453A59900D37F3A /* Resources */,
			);
			buildRules = (
			);
			dependencies = (
			);
			name = Weather;
			productName = Weather;
			productReference = 512F1B8C2453A59900D37F3A /* Weather.app */;
			productType = "com.apple.product-type.application";
		};
		512F1BA12453A59E00D37F3A /* WeatherTests */ = {
			isa = PBXNativeTarget;
			buildConfigurationList = 512F1BB92453A59E00D37F3A /* Build configuration list for PBXNativeTarget "WeatherTests" */;
			buildPhases = (
				512F1B9E2453A59E00D37F3A /* Sources */,
				512F1B9F2453A59E00D37F3A /* Frameworks */,
				512F1BA02453A59E00D37F3A /* Resources */,
			);
			buildRules = (
			);
			dependencies = (
				512F1BA42453A59E00D37F3A /* PBXTargetDependency */,
			);
			name = WeatherTests;
			productName = WeatherTests;
			productReference = 512F1BA22453A59E00D37F3A /* WeatherTests.xctest */;
			productType = "com.apple.product-type.bundle.unit-test";
		};
		512F1BAC2453A59E00D37F3A /* WeatherUITests */ = {
			isa = PBXNativeTarget;
			buildConfigurationList = 512F1BBC2453A59E00D37F3A /* Build configuration list for PBXNativeTarget "WeatherUITests" */;
			buildPhases = (
				512F1BA92453A59E00D37F3A /* Sources */,
				512F1BAA2453A59E00D37F3A /* Frameworks */,
				512F1BAB2453A59E00D37F3A /* Resources */,
			);
			buildRules = (
			);
			dependencies = (
				512F1BAF2453A59E00D37F3A /* PBXTargetDependency */,
			);
			name = WeatherUITests;
			productName = WeatherUITests;
			productReference = 512F1BAD2453A59E00D37F3A /* WeatherUITests.xctest */;
			productType = "com.apple.product-type.bundle.ui-testing";
		};
/* End PBXNativeTarget section */

/* Begin PBXProject section */
		512F1B842453A59900D37F3A /* Project object */ = {
			isa = PBXProject;
			attributes = {
				LastSwiftUpdateCheck = 1140;
				LastUpgradeCheck = 1140;
				ORGANIZATIONNAME = "Fernanda Dias";
				TargetAttributes = {
					512F1B8B2453A59900D37F3A = {
						CreatedOnToolsVersion = 11.4.1;
					};
					512F1BA12453A59E00D37F3A = {
						CreatedOnToolsVersion = 11.4.1;
						TestTargetID = 512F1B8B2453A59900D37F3A;
					};
					512F1BAC2453A59E00D37F3A = {
						CreatedOnToolsVersion = 11.4.1;
						TestTargetID = 512F1B8B2453A59900D37F3A;
					};
				};
			};
			buildConfigurationList = 512F1B872453A59900D37F3A /* Build configuration list for PBXProject "Weather" */;
			compatibilityVersion = "Xcode 9.3";
			developmentRegion = en;
			hasScannedForEncodings = 0;
			knownRegions = (
				en,
				Base,
			);
			mainGroup = 512F1B832453A59900D37F3A;
			productRefGroup = 512F1B8D2453A59900D37F3A /* Products */;
			projectDirPath = "";
			projectRoot = "";
			targets = (
				512F1B8B2453A59900D37F3A /* Weather */,
				512F1BA12453A59E00D37F3A /* WeatherTests */,
				512F1BAC2453A59E00D37F3A /* WeatherUITests */,
			);
		};
/* End PBXProject section */

/* Begin PBXResourcesBuildPhase section */
		512F1B8A2453A59900D37F3A /* Resources */ = {
			isa = PBXResourcesBuildPhase;
			buildActionMask = 2147483647;
			files = (
				512F1B9C2453A59E00D37F3A /* LaunchScreen.storyboard in Resources */,
				512F1B992453A59E00D37F3A /* Assets.xcassets in Resources */,
				512F1B972453A59900D37F3A /* Main.storyboard in Resources */,
			);
			runOnlyForDeploymentPostprocessing = 0;
		};
		512F1BA02453A59E00D37F3A /* Resources */ = {
			isa = PBXResourcesBuildPhase;
			buildActionMask = 2147483647;
			files = (
			);
			runOnlyForDeploymentPostprocessing = 0;
		};
		512F1BAB2453A59E00D37F3A /* Resources */ = {
			isa = PBXResourcesBuildPhase;
			buildActionMask = 2147483647;
			files = (
			);
			runOnlyForDeploymentPostprocessing = 0;
		};
/* End PBXResourcesBuildPhase section */

/* Begin PBXSourcesBuildPhase section */
		512F1B882453A59900D37F3A /* Sources */ = {
			isa = PBXSourcesBuildPhase;
			buildActionMask = 2147483647;
			files = (
				512F1B942453A59900D37F3A /* ViewController.swift in Sources */,
				51E0CA6B245B5CEE0039452D /* WeatherData.swift in Sources */,
				512F1B902453A59900D37F3A /* AppDelegate.swift in Sources */,
				51E0CA692458AC480039452D /* WeatherManager.swift in Sources */,
				512F1B922453A59900D37F3A /* SceneDelegate.swift in Sources */,
			);
			runOnlyForDeploymentPostprocessing = 0;
		};
		512F1B9E2453A59E00D37F3A /* Sources */ = {
			isa = PBXSourcesBuildPhase;
			buildActionMask = 2147483647;
			files = (
				512F1BA72453A59E00D37F3A /* WeatherTests.swift in Sources */,
			);
			runOnlyForDeploymentPostprocessing = 0;
		};
		512F1BA92453A59E00D37F3A /* Sources */ = {
			isa = PBXSourcesBuildPhase;
			buildActionMask = 2147483647;
			files = (
				512F1BB22453A59E00D37F3A /* WeatherUITests.swift in Sources */,
			);
			runOnlyForDeploymentPostprocessing = 0;
		};
/* End PBXSourcesBuildPhase section */

/* Begin PBXTargetDependency section */
		512F1BA42453A59E00D37F3A /* PBXTargetDependency */ = {
			isa = PBXTargetDependency;
			target = 512F1B8B2453A59900D37F3A /* Weather */;
			targetProxy = 512F1BA32453A59E00D37F3A /* PBXContainerItemProxy */;
		};
		512F1BAF2453A59E00D37F3A /* PBXTargetDependency */ = {
			isa = PBXTargetDependency;
			target = 512F1B8B2453A59900D37F3A /* Weather */;
			targetProxy = 512F1BAE2453A59E00D37F3A /* PBXContainerItemProxy */;
		};
/* End PBXTargetDependency section */

/* Begin PBXVariantGroup section */
		512F1B952453A59900D37F3A /* Main.storyboard */ = {
			isa = PBXVariantGroup;
			children = (
				512F1B962453A59900D37F3A /* Base */,
			);
			name = Main.storyboard;
			sourceTree = "<group>";
		};
		512F1B9A2453A59E00D37F3A /* LaunchScreen.storyboard */ = {
			isa = PBXVariantGroup;
			children = (
				512F1B9B2453A59E00D37F3A /* Base */,
			);
			name = LaunchScreen.storyboard;
			sourceTree = "<group>";
		};
/* End PBXVariantGroup section */

/* Begin XCBuildConfiguration section */
		512F1BB42453A59E00D37F3A /* Debug */ = {
			isa = XCBuildConfiguration;
			buildSettings = {
				ALWAYS_SEARCH_USER_PATHS = NO;
				CLANG_ANALYZER_NONNULL = YES;
				CLANG_ANALYZER_NUMBER_OBJECT_CONVERSION = YES_AGGRESSIVE;
				CLANG_CXX_LANGUAGE_STANDARD = "gnu++14";
				CLANG_CXX_LIBRARY = "libc++";
				CLANG_ENABLE_MODULES = YES;
				CLANG_ENABLE_OBJC_ARC = YES;
				CLANG_ENABLE_OBJC_WEAK = YES;
				CLANG_WARN_BLOCK_CAPTURE_AUTORELEASING = YES;
				CLANG_WARN_BOOL_CONVERSION = YES;
				CLANG_WARN_COMMA = YES;
				CLANG_WARN_CONSTANT_CONVERSION = YES;
				CLANG_WARN_DEPRECATED_OBJC_IMPLEMENTATIONS = YES;
				CLANG_WARN_DIRECT_OBJC_ISA_USAGE = YES_ERROR;
				CLANG_WARN_DOCUMENTATION_COMMENTS = YES;
				CLANG_WARN_EMPTY_BODY = YES;
				CLANG_WARN_ENUM_CONVERSION = YES;
				CLANG_WARN_INFINITE_RECURSION = YES;
				CLANG_WARN_INT_CONVERSION = YES;
				CLANG_WARN_NON_LITERAL_NULL_CONVERSION = YES;
				CLANG_WARN_OBJC_IMPLICIT_RETAIN_SELF = YES;
				CLANG_WARN_OBJC_LITERAL_CONVERSION = YES;
				CLANG_WARN_OBJC_ROOT_CLASS = YES_ERROR;
				CLANG_WARN_RANGE_LOOP_ANALYSIS = YES;
				CLANG_WARN_STRICT_PROTOTYPES = YES;
				CLANG_WARN_SUSPICIOUS_MOVE = YES;
				CLANG_WARN_UNGUARDED_AVAILABILITY = YES_AGGRESSIVE;
				CLANG_WARN_UNREACHABLE_CODE = YES;
				CLANG_WARN__DUPLICATE_METHOD_MATCH = YES;
				COPY_PHASE_STRIP = NO;
				DEBUG_INFORMATION_FORMAT = dwarf;
				ENABLE_STRICT_OBJC_MSGSEND = YES;
				ENABLE_TESTABILITY = YES;
				GCC_C_LANGUAGE_STANDARD = gnu11;
				GCC_DYNAMIC_NO_PIC = NO;
				GCC_NO_COMMON_BLOCKS = YES;
				GCC_OPTIMIZATION_LEVEL = 0;
				GCC_PREPROCESSOR_DEFINITIONS = (
					"DEBUG=1",
					"$(inherited)",
				);
				GCC_WARN_64_TO_32_BIT_CONVERSION = YES;
				GCC_WARN_ABOUT_RETURN_TYPE = YES_ERROR;
				GCC_WARN_UNDECLARED_SELECTOR = YES;
				GCC_WARN_UNINITIALIZED_AUTOS = YES_AGGRESSIVE;
				GCC_WARN_UNUSED_FUNCTION = YES;
				GCC_WARN_UNUSED_VARIABLE = YES;
				IPHONEOS_DEPLOYMENT_TARGET = 13.4;
				MTL_ENABLE_DEBUG_INFO = INCLUDE_SOURCE;
				MTL_FAST_MATH = YES;
				ONLY_ACTIVE_ARCH = YES;
				SDKROOT = iphoneos;
				SWIFT_ACTIVE_COMPILATION_CONDITIONS = DEBUG;
				SWIFT_OPTIMIZATION_LEVEL = "-Onone";
			};
			name = Debug;
		};
		512F1BB52453A59E00D37F3A /* Release */ = {
			isa = XCBuildConfiguration;
			buildSettings = {
				ALWAYS_SEARCH_USER_PATHS = NO;
				CLANG_ANALYZER_NONNULL = YES;
				CLANG_ANALYZER_NUMBER_OBJECT_CONVERSION = YES_AGGRESSIVE;
				CLANG_CXX_LANGUAGE_STANDARD = "gnu++14";
				CLANG_CXX_LIBRARY = "libc++";
				CLANG_ENABLE_MODULES = YES;
				CLANG_ENABLE_OBJC_ARC = YES;
				CLANG_ENABLE_OBJC_WEAK = YES;
				CLANG_WARN_BLOCK_CAPTURE_AUTORELEASING = YES;
				CLANG_WARN_BOOL_CONVERSION = YES;
				CLANG_WARN_COMMA = YES;
				CLANG_WARN_CONSTANT_CONVERSION = YES;
				CLANG_WARN_DEPRECATED_OBJC_IMPLEMENTATIONS = YES;
				CLANG_WARN_DIRECT_OBJC_ISA_USAGE = YES_ERROR;
				CLANG_WARN_DOCUMENTATION_COMMENTS = YES;
				CLANG_WARN_EMPTY_BODY = YES;
				CLANG_WARN_ENUM_CONVERSION = YES;
				CLANG_WARN_INFINITE_RECURSION = YES;
				CLANG_WARN_INT_CONVERSION = YES;
				CLANG_WARN_NON_LITERAL_NULL_CONVERSION = YES;
				CLANG_WARN_OBJC_IMPLICIT_RETAIN_SELF = YES;
				CLANG_WARN_OBJC_LITERAL_CONVERSION = YES;
				CLANG_WARN_OBJC_ROOT_CLASS = YES_ERROR;
				CLANG_WARN_RANGE_LOOP_ANALYSIS = YES;
				CLANG_WARN_STRICT_PROTOTYPES = YES;
				CLANG_WARN_SUSPICIOUS_MOVE = YES;
				CLANG_WARN_UNGUARDED_AVAILABILITY = YES_AGGRESSIVE;
				CLANG_WARN_UNREACHABLE_CODE = YES;
				CLANG_WARN__DUPLICATE_METHOD_MATCH = YES;
				COPY_PHASE_STRIP = NO;
				DEBUG_INFORMATION_FORMAT = "dwarf-with-dsym";
				ENABLE_NS_ASSERTIONS = NO;
				ENABLE_STRICT_OBJC_MSGSEND = YES;
				GCC_C_LANGUAGE_STANDARD = gnu11;
				GCC_NO_COMMON_BLOCKS = YES;
				GCC_WARN_64_TO_32_BIT_CONVERSION = YES;
				GCC_WARN_ABOUT_RETURN_TYPE = YES_ERROR;
				GCC_WARN_UNDECLARED_SELECTOR = YES;
				GCC_WARN_UNINITIALIZED_AUTOS = YES_AGGRESSIVE;
				GCC_WARN_UNUSED_FUNCTION = YES;
				GCC_WARN_UNUSED_VARIABLE = YES;
				IPHONEOS_DEPLOYMENT_TARGET = 13.4;
				MTL_ENABLE_DEBUG_INFO = NO;
				MTL_FAST_MATH = YES;
				SDKROOT = iphoneos;
				SWIFT_COMPILATION_MODE = wholemodule;
				SWIFT_OPTIMIZATION_LEVEL = "-O";
				VALIDATE_PRODUCT = YES;
			};
			name = Release;
		};
		512F1BB72453A59E00D37F3A /* Debug */ = {
			isa = XCBuildConfiguration;
			buildSettings = {
				ASSETCATALOG_COMPILER_APPICON_NAME = AppIcon;
				CODE_SIGN_STYLE = Automatic;
				INFOPLIST_FILE = Weather/Info.plist;
				LD_RUNPATH_SEARCH_PATHS = (
					"$(inherited)",
					"@executable_path/Frameworks",
				);
				PRODUCT_BUNDLE_IDENTIFIER = com.fernandadias.Weather;
				PRODUCT_NAME = "$(TARGET_NAME)";
				SWIFT_VERSION = 5.0;
				TARGETED_DEVICE_FAMILY = "1,2";
			};
			name = Debug;
		};
		512F1BB82453A59E00D37F3A /* Release */ = {
			isa = XCBuildConfiguration;
			buildSettings = {
				ASSETCATALOG_COMPILER_APPICON_NAME = AppIcon;
				CODE_SIGN_STYLE = Automatic;
				INFOPLIST_FILE = Weather/Info.plist;
				LD_RUNPATH_SEARCH_PATHS = (
					"$(inherited)",
					"@executable_path/Frameworks",
				);
				PRODUCT_BUNDLE_IDENTIFIER = com.fernandadias.Weather;
				PRODUCT_NAME = "$(TARGET_NAME)";
				SWIFT_VERSION = 5.0;
				TARGETED_DEVICE_FAMILY = "1,2";
			};
			name = Release;
		};
		512F1BBA2453A59E00D37F3A /* Debug */ = {
			isa = XCBuildConfiguration;
			buildSettings = {
				ALWAYS_EMBED_SWIFT_STANDARD_LIBRARIES = YES;
				BUNDLE_LOADER = "$(TEST_HOST)";
				CODE_SIGN_STYLE = Automatic;
				INFOPLIST_FILE = WeatherTests/Info.plist;
				IPHONEOS_DEPLOYMENT_TARGET = 13.4;
				LD_RUNPATH_SEARCH_PATHS = (
					"$(inherited)",
					"@executable_path/Frameworks",
					"@loader_path/Frameworks",
				);
				PRODUCT_BUNDLE_IDENTIFIER = com.fernandadias.WeatherTests;
				PRODUCT_NAME = "$(TARGET_NAME)";
				SWIFT_VERSION = 5.0;
				TARGETED_DEVICE_FAMILY = "1,2";
				TEST_HOST = "$(BUILT_PRODUCTS_DIR)/Weather.app/Weather";
			};
			name = Debug;
		};
		512F1BBB2453A59E00D37F3A /* Release */ = {
			isa = XCBuildConfiguration;
			buildSettings = {
				ALWAYS_EMBED_SWIFT_STANDARD_LIBRARIES = YES;
				BUNDLE_LOADER = "$(TEST_HOST)";
				CODE_SIGN_STYLE = Automatic;
				INFOPLIST_FILE = WeatherTests/Info.plist;
				IPHONEOS_DEPLOYMENT_TARGET = 13.4;
				LD_RUNPATH_SEARCH_PATHS = (
					"$(inherited)",
					"@executable_path/Frameworks",
					"@loader_path/Frameworks",
				);
				PRODUCT_BUNDLE_IDENTIFIER = com.fernandadias.WeatherTests;
				PRODUCT_NAME = "$(TARGET_NAME)";
				SWIFT_VERSION = 5.0;
				TARGETED_DEVICE_FAMILY = "1,2";
				TEST_HOST = "$(BUILT_PRODUCTS_DIR)/Weather.app/Weather";
			};
			name = Release;
		};
		512F1BBD2453A59E00D37F3A /* Debug */ = {
			isa = XCBuildConfiguration;
			buildSettings = {
				ALWAYS_EMBED_SWIFT_STANDARD_LIBRARIES = YES;
				CODE_SIGN_STYLE = Automatic;
				INFOPLIST_FILE = WeatherUITests/Info.plist;
				LD_RUNPATH_SEARCH_PATHS = (
					"$(inherited)",
					"@executable_path/Frameworks",
					"@loader_path/Frameworks",
				);
				PRODUCT_BUNDLE_IDENTIFIER = com.fernandadias.WeatherUITests;
				PRODUCT_NAME = "$(TARGET_NAME)";
				SWIFT_VERSION = 5.0;
				TARGETED_DEVICE_FAMILY = "1,2";
				TEST_TARGET_NAME = Weather;
			};
			name = Debug;
		};
		512F1BBE2453A59E00D37F3A /* Release */ = {
			isa = XCBuildConfiguration;
			buildSettings = {
				ALWAYS_EMBED_SWIFT_STANDARD_LIBRARIES = YES;
				CODE_SIGN_STYLE = Automatic;
				INFOPLIST_FILE = WeatherUITests/Info.plist;
				LD_RUNPATH_SEARCH_PATHS = (
					"$(inherited)",
					"@executable_path/Frameworks",
					"@loader_path/Frameworks",
				);
				PRODUCT_BUNDLE_IDENTIFIER = com.fernandadias.WeatherUITests;
				PRODUCT_NAME = "$(TARGET_NAME)";
				SWIFT_VERSION = 5.0;
				TARGETED_DEVICE_FAMILY = "1,2";
				TEST_TARGET_NAME = Weather;
			};
			name = Release;
		};
/* End XCBuildConfiguration section */

/* Begin XCConfigurationList section */
		512F1B872453A59900D37F3A /* Build configuration list for PBXProject "Weather" */ = {
			isa = XCConfigurationList;
			buildConfigurations = (
				512F1BB42453A59E00D37F3A /* Debug */,
				512F1BB52453A59E00D37F3A /* Release */,
			);
			defaultConfigurationIsVisible = 0;
			defaultConfigurationName = Release;
		};
		512F1BB62453A59E00D37F3A /* Build configuration list for PBXNativeTarget "Weather" */ = {
			isa = XCConfigurationList;
			buildConfigurations = (
				512F1BB72453A59E00D37F3A /* Debug */,
				512F1BB82453A59E00D37F3A /* Release */,
			);
			defaultConfigurationIsVisible = 0;
			defaultConfigurationName = Release;
		};
		512F1BB92453A59E00D37F3A /* Build configuration list for PBXNativeTarget "WeatherTests" */ = {
			isa = XCConfigurationList;
			buildConfigurations = (
				512F1BBA2453A59E00D37F3A /* Debug */,
				512F1BBB2453A59E00D37F3A /* Release */,
			);
			defaultConfigurationIsVisible = 0;
			defaultConfigurationName = Release;
		};
		512F1BBC2453A59E00D37F3A /* Build configuration list for PBXNativeTarget "WeatherUITests" */ = {
			isa = XCConfigurationList;
			buildConfigurations = (
				512F1BBD2453A59E00D37F3A /* Debug */,
				512F1BBE2453A59E00D37F3A /* Release */,
			);
			defaultConfigurationIsVisible = 0;
			defaultConfigurationName = Release;
		};
/* End XCConfigurationList section */
	};
	rootObject = 512F1B842453A59900D37F3A /* Project object */;
}
